// !$*UTF8*$!
{
	archiveVersion = 1;
	classes = {
	};
	objectVersion = 55;
	objects = {

/* Begin PBXBuildFile section */
		4DD67B9D27A17341006B1E49 /* AppDelegate.swift in Sources */ = {isa = PBXBuildFile; fileRef = 4DD67B9C27A17341006B1E49 /* AppDelegate.swift */; };
		4DD67B9F27A17341006B1E49 /* SceneDelegate.swift in Sources */ = {isa = PBXBuildFile; fileRef = 4DD67B9E27A17341006B1E49 /* SceneDelegate.swift */; };
		4DD67BA127A17341006B1E49 /* ViewController.swift in Sources */ = {isa = PBXBuildFile; fileRef = 4DD67BA027A17341006B1E49 /* ViewController.swift */; };
		4DD67BA427A17341006B1E49 /* Main.storyboard in Resources */ = {isa = PBXBuildFile; fileRef = 4DD67BA227A17341006B1E49 /* Main.storyboard */; };
		4DD67BA727A17341006B1E49 /* galeri_ornek_2.xcdatamodeld in Sources */ = {isa = PBXBuildFile; fileRef = 4DD67BA527A17341006B1E49 /* galeri_ornek_2.xcdatamodeld */; };
		4DD67BA927A17345006B1E49 /* Assets.xcassets in Resources */ = {isa = PBXBuildFile; fileRef = 4DD67BA827A17345006B1E49 /* Assets.xcassets */; };
		4DD67BAC27A17345006B1E49 /* LaunchScreen.storyboard in Resources */ = {isa = PBXBuildFile; fileRef = 4DD67BAA27A17345006B1E49 /* LaunchScreen.storyboard */; };
		4DD67BB627A17506006B1E49 /* CVC_Image.swift in Sources */ = {isa = PBXBuildFile; fileRef = 4DD67BB427A17506006B1E49 /* CVC_Image.swift */; };
		4DD67BB727A17506006B1E49 /* CVC_Image.xib in Resources */ = {isa = PBXBuildFile; fileRef = 4DD67BB527A17506006B1E49 /* CVC_Image.xib */; };
		4DD67BBA27A177FA006B1E49 /* GalleryDal.swift in Sources */ = {isa = PBXBuildFile; fileRef = 4DD67BB927A177FA006B1E49 /* GalleryDal.swift */; };
		4DD67BBD27A17F2D006B1E49 /* VC_Detail.swift in Sources */ = {isa = PBXBuildFile; fileRef = 4DD67BBC27A17F2D006B1E49 /* VC_Detail.swift */; };
/* End PBXBuildFile section */

/* Begin PBXFileReference section */
		4DD67B9927A17341006B1E49 /* galeri_ornek_2.app */ = {isa = PBXFileReference; explicitFileType = wrapper.application; includeInIndex = 0; path = galeri_ornek_2.app; sourceTree = BUILT_PRODUCTS_DIR; };
		4DD67B9C27A17341006B1E49 /* AppDelegate.swift */ = {isa = PBXFileReference; lastKnownFileType = sourcecode.swift; path = AppDelegate.swift; sourceTree = "<group>"; };
		4DD67B9E27A17341006B1E49 /* SceneDelegate.swift */ = {isa = PBXFileReference; lastKnownFileType = sourcecode.swift; path = SceneDelegate.swift; sourceTree = "<group>"; };
		4DD67BA027A17341006B1E49 /* ViewController.swift */ = {isa = PBXFileReference; lastKnownFileType = sourcecode.swift; path = ViewController.swift; sourceTree = "<group>"; };
		4DD67BA327A17341006B1E49 /* Base */ = {isa = PBXFileReference; lastKnownFileType = file.storyboard; name = Base; path = Base.lproj/Main.storyboard; sourceTree = "<group>"; };
		4DD67BA627A17341006B1E49 /* galeri_ornek_2.xcdatamodel */ = {isa = PBXFileReference; lastKnownFileType = wrapper.xcdatamodel; path = galeri_ornek_2.xcdatamodel; sourceTree = "<group>"; };
		4DD67BA827A17345006B1E49 /* Assets.xcassets */ = {isa = PBXFileReference; lastKnownFileType = folder.assetcatalog; path = Assets.xcassets; sourceTree = "<group>"; };
		4DD67BAB27A17345006B1E49 /* Base */ = {isa = PBXFileReference; lastKnownFileType = file.storyboard; name = Base; path = Base.lproj/LaunchScreen.storyboard; sourceTree = "<group>"; };
		4DD67BAD27A17345006B1E49 /* Info.plist */ = {isa = PBXFileReference; lastKnownFileType = text.plist.xml; path = Info.plist; sourceTree = "<group>"; };
		4DD67BB427A17506006B1E49 /* CVC_Image.swift */ = {isa = PBXFileReference; lastKnownFileType = sourcecode.swift; path = CVC_Image.swift; sourceTree = "<group>"; };
		4DD67BB527A17506006B1E49 /* CVC_Image.xib */ = {isa = PBXFileReference; lastKnownFileType = file.xib; path = CVC_Image.xib; sourceTree = "<group>"; };
		4DD67BB927A177FA006B1E49 /* GalleryDal.swift */ = {isa = PBXFileReference; lastKnownFileType = sourcecode.swift; name = GalleryDal.swift; path = galeri_ornek_2/GalleryDal.swift; sourceTree = SOURCE_ROOT; };
		4DD67BBC27A17F2D006B1E49 /* VC_Detail.swift */ = {isa = PBXFileReference; lastKnownFileType = sourcecode.swift; path = VC_Detail.swift; sourceTree = "<group>"; };
/* End PBXFileReference section */

/* Begin PBXFrameworksBuildPhase section */
		4DD67B9627A17341006B1E49 /* Frameworks */ = {
			isa = PBXFrameworksBuildPhase;
			buildActionMask = 2147483647;
			files = (
			);
			runOnlyForDeploymentPostprocessing = 0;
		};
/* End PBXFrameworksBuildPhase section */

/* Begin PBXGroup section */
		4DD67B9027A17341006B1E49 = {
			isa = PBXGroup;
			children = (
				4DD67B9B27A17341006B1E49 /* galeri_ornek_2 */,
				4DD67B9A27A17341006B1E49 /* Products */,
			);
			sourceTree = "<group>";
		};
		4DD67B9A27A17341006B1E49 /* Products */ = {
			isa = PBXGroup;
			children = (
				4DD67B9927A17341006B1E49 /* galeri_ornek_2.app */,
			);
			name = Products;
			sourceTree = "<group>";
		};
		4DD67B9B27A17341006B1E49 /* galeri_ornek_2 */ = {
			isa = PBXGroup;
			children = (
				4DD67BBB27A17F0D006B1E49 /* Controller */,
				4DD67BB827A177DA006B1E49 /* DAL */,
				4DD67BB327A174CF006B1E49 /* Cell */,
				4DD67B9C27A17341006B1E49 /* AppDelegate.swift */,
				4DD67B9E27A17341006B1E49 /* SceneDelegate.swift */,
				4DD67BA227A17341006B1E49 /* Main.storyboard */,
				4DD67BA827A17345006B1E49 /* Assets.xcassets */,
				4DD67BAA27A17345006B1E49 /* LaunchScreen.storyboard */,
				4DD67BAD27A17345006B1E49 /* Info.plist */,
				4DD67BA527A17341006B1E49 /* galeri_ornek_2.xcdatamodeld */,
			);
			path = galeri_ornek_2;
			sourceTree = "<group>";
		};
		4DD67BB327A174CF006B1E49 /* Cell */ = {
			isa = PBXGroup;
			children = (
				4DD67BB427A17506006B1E49 /* CVC_Image.swift */,
				4DD67BB527A17506006B1E49 /* CVC_Image.xib */,
			);
			path = Cell;
			sourceTree = "<group>";
		};
		4DD67BB827A177DA006B1E49 /* DAL */ = {
			isa = PBXGroup;
			children = (
				4DD67BB927A177FA006B1E49 /* GalleryDal.swift */,
			);
			name = DAL;
			path = "New Group";
			sourceTree = "<group>";
		};
		4DD67BBB27A17F0D006B1E49 /* Controller */ = {
			isa = PBXGroup;
			children = (
				4DD67BA027A17341006B1E49 /* ViewController.swift */,
				4DD67BBC27A17F2D006B1E49 /* VC_Detail.swift */,
			);
			path = Controller;
			sourceTree = "<group>";
		};
/* End PBXGroup section */

/* Begin PBXNativeTarget section */
		4DD67B9827A17341006B1E49 /* galeri_ornek_2 */ = {
			isa = PBXNativeTarget;
			buildConfigurationList = 4DD67BB027A17345006B1E49 /* Build configuration list for PBXNativeTarget "galeri_ornek_2" */;
			buildPhases = (
				4DD67B9527A17341006B1E49 /* Sources */,
				4DD67B9627A17341006B1E49 /* Frameworks */,
				4DD67B9727A17341006B1E49 /* Resources */,
			);
			buildRules = (
			);
			dependencies = (
			);
			name = galeri_ornek_2;
			productName = galeri_ornek_2;
			productReference = 4DD67B9927A17341006B1E49 /* galeri_ornek_2.app */;
			productType = "com.apple.product-type.application";
		};
/* End PBXNativeTarget section */

/* Begin PBXProject section */
		4DD67B9127A17341006B1E49 /* Project object */ = {
			isa = PBXProject;
			attributes = {
				BuildIndependentTargetsInParallel = 1;
				LastSwiftUpdateCheck = 1320;
				LastUpgradeCheck = 1320;
				TargetAttributes = {
					4DD67B9827A17341006B1E49 = {
						CreatedOnToolsVersion = 13.2.1;
					};
				};
			};
			buildConfigurationList = 4DD67B9427A17341006B1E49 /* Build configuration list for PBXProject "galeri_ornek_2" */;
			compatibilityVersion = "Xcode 13.0";
			developmentRegion = en;
			hasScannedForEncodings = 0;
			knownRegions = (
				en,
				Base,
			);
			mainGroup = 4DD67B9027A17341006B1E49;
			productRefGroup = 4DD67B9A27A17341006B1E49 /* Products */;
			projectDirPath = "";
			projectRoot = "";
			targets = (
				4DD67B9827A17341006B1E49 /* galeri_ornek_2 */,
			);
		};
/* End PBXProject section */

/* Begin PBXResourcesBuildPhase section */
		4DD67B9727A17341006B1E49 /* Resources */ = {
			isa = PBXResourcesBuildPhase;
			buildActionMask = 2147483647;
			files = (
				4DD67BB727A17506006B1E49 /* CVC_Image.xib in Resources */,
				4DD67BAC27A17345006B1E49 /* LaunchScreen.storyboard in Resources */,
				4DD67BA927A17345006B1E49 /* Assets.xcassets in Resources */,
				4DD67BA427A17341006B1E49 /* Main.storyboard in Resources */,
			);
			runOnlyForDeploymentPostprocessing = 0;
		};
/* End PBXResourcesBuildPhase section */

/* Begin PBXSourcesBuildPhase section */
		4DD67B9527A17341006B1E49 /* Sources */ = {
			isa = PBXSourcesBuildPhase;
			buildActionMask = 2147483647;
			files = (
				4DD67BA127A17341006B1E49 /* ViewController.swift in Sources */,
				4DD67B9D27A17341006B1E49 /* AppDelegate.swift in Sources */,
				4DD67BBA27A177FA006B1E49 /* GalleryDal.swift in Sources */,
				4DD67BA727A17341006B1E49 /* galeri_ornek_2.xcdatamodeld in Sources */,
				4DD67B9F27A17341006B1E49 /* SceneDelegate.swift in Sources */,
				4DD67BBD27A17F2D006B1E49 /* VC_Detail.swift in Sources */,
				4DD67BB627A17506006B1E49 /* CVC_Image.swift in Sources */,
			);
			runOnlyForDeploymentPostprocessing = 0;
		};
/* End PBXSourcesBuildPhase section */

/* Begin PBXVariantGroup section */
		4DD67BA227A17341006B1E49 /* Main.storyboard */ = {
			isa = PBXVariantGroup;
			children = (
				4DD67BA327A17341006B1E49 /* Base */,
			);
			name = Main.storyboard;
			sourceTree = "<group>";
		};
		4DD67BAA27A17345006B1E49 /* LaunchScreen.storyboard */ = {
			isa = PBXVariantGroup;
			children = (
				4DD67BAB27A17345006B1E49 /* Base */,
			);
			name = LaunchScreen.storyboard;
			sourceTree = "<group>";
		};
/* End PBXVariantGroup section */

/* Begin XCBuildConfiguration section */
		4DD67BAE27A17345006B1E49 /* Debug */ = {
			isa = XCBuildConfiguration;
			buildSettings = {
				ALWAYS_SEARCH_USER_PATHS = NO;
				CLANG_ANALYZER_NONNULL = YES;
				CLANG_ANALYZER_NUMBER_OBJECT_CONVERSION = YES_AGGRESSIVE;
				CLANG_CXX_LANGUAGE_STANDARD = "gnu++17";
				CLANG_CXX_LIBRARY = "libc++";
				CLANG_ENABLE_MODULES = YES;
				CLANG_ENABLE_OBJC_ARC = YES;
				CLANG_ENABLE_OBJC_WEAK = YES;
				CLANG_WARN_BLOCK_CAPTURE_AUTORELEASING = YES;
				CLANG_WARN_BOOL_CONVERSION = YES;
				CLANG_WARN_COMMA = YES;
				CLANG_WARN_CONSTANT_CONVERSION = YES;
				CLANG_WARN_DEPRECATED_OBJC_IMPLEMENTATIONS = YES;
				CLANG_WARN_DIRECT_OBJC_ISA_USAGE = YES_ERROR;
				CLANG_WARN_DOCUMENTATION_COMMENTS = YES;
				CLANG_WARN_EMPTY_BODY = YES;
				CLANG_WARN_ENUM_CONVERSION = YES;
				CLANG_WARN_INFINITE_RECURSION = YES;
				CLANG_WARN_INT_CONVERSION = YES;
				CLANG_WARN_NON_LITERAL_NULL_CONVERSION = YES;
				CLANG_WARN_OBJC_IMPLICIT_RETAIN_SELF = YES;
				CLANG_WARN_OBJC_LITERAL_CONVERSION = YES;
				CLANG_WARN_OBJC_ROOT_CLASS = YES_ERROR;
				CLANG_WARN_QUOTED_INCLUDE_IN_FRAMEWORK_HEADER = YES;
				CLANG_WARN_RANGE_LOOP_ANALYSIS = YES;
				CLANG_WARN_STRICT_PROTOTYPES = YES;
				CLANG_WARN_SUSPICIOUS_MOVE = YES;
				CLANG_WARN_UNGUARDED_AVAILABILITY = YES_AGGRESSIVE;
				CLANG_WARN_UNREACHABLE_CODE = YES;
				CLANG_WARN__DUPLICATE_METHOD_MATCH = YES;
				COPY_PHASE_STRIP = NO;
				DEBUG_INFORMATION_FORMAT = dwarf;
				ENABLE_STRICT_OBJC_MSGSEND = YES;
				ENABLE_TESTABILITY = YES;
				GCC_C_LANGUAGE_STANDARD = gnu11;
				GCC_DYNAMIC_NO_PIC = NO;
				GCC_NO_COMMON_BLOCKS = YES;
				GCC_OPTIMIZATION_LEVEL = 0;
				GCC_PREPROCESSOR_DEFINITIONS = (
					"DEBUG=1",
					"$(inherited)",
				);
				GCC_WARN_64_TO_32_BIT_CONVERSION = YES;
				GCC_WARN_ABOUT_RETURN_TYPE = YES_ERROR;
				GCC_WARN_UNDECLARED_SELECTOR = YES;
				GCC_WARN_UNINITIALIZED_AUTOS = YES_AGGRESSIVE;
				GCC_WARN_UNUSED_FUNCTION = YES;
				GCC_WARN_UNUSED_VARIABLE = YES;
				IPHONEOS_DEPLOYMENT_TARGET = 15.2;
				MTL_ENABLE_DEBUG_INFO = INCLUDE_SOURCE;
				MTL_FAST_MATH = YES;
				ONLY_ACTIVE_ARCH = YES;
				SDKROOT = iphoneos;
				SWIFT_ACTIVE_COMPILATION_CONDITIONS = DEBUG;
				SWIFT_OPTIMIZATION_LEVEL = "-Onone";
			};
			name = Debug;
		};
		4DD67BAF27A17345006B1E49 /* Release */ = {
			isa = XCBuildConfiguration;
			buildSettings = {
				ALWAYS_SEARCH_USER_PATHS = NO;
				CLANG_ANALYZER_NONNULL = YES;
				CLANG_ANALYZER_NUMBER_OBJECT_CONVERSION = YES_AGGRESSIVE;
				CLANG_CXX_LANGUAGE_STANDARD = "gnu++17";
				CLANG_CXX_LIBRARY = "libc++";
				CLANG_ENABLE_MODULES = YES;
				CLANG_ENABLE_OBJC_ARC = YES;
				CLANG_ENABLE_OBJC_WEAK = YES;
				CLANG_WARN_BLOCK_CAPTURE_AUTORELEASING = YES;
				CLANG_WARN_BOOL_CONVERSION = YES;
				CLANG_WARN_COMMA = YES;
				CLANG_WARN_CONSTANT_CONVERSION = YES;
				CLANG_WARN_DEPRECATED_OBJC_IMPLEMENTATIONS = YES;
				CLANG_WARN_DIRECT_OBJC_ISA_USAGE = YES_ERROR;
				CLANG_WARN_DOCUMENTATION_COMMENTS = YES;
				CLANG_WARN_EMPTY_BODY = YES;
				CLANG_WARN_ENUM_CONVERSION = YES;
				CLANG_WARN_INFINITE_RECURSION = YES;
				CLANG_WARN_INT_CONVERSION = YES;
				CLANG_WARN_NON_LITERAL_NULL_CONVERSION = YES;
				CLANG_WARN_OBJC_IMPLICIT_RETAIN_SELF = YES;
				CLANG_WARN_OBJC_LITERAL_CONVERSION = YES;
				CLANG_WARN_OBJC_ROOT_CLASS = YES_ERROR;
				CLANG_WARN_QUOTED_INCLUDE_IN_FRAMEWORK_HEADER = YES;
				CLANG_WARN_RANGE_LOOP_ANALYSIS = YES;
				CLANG_WARN_STRICT_PROTOTYPES = YES;
				CLANG_WARN_SUSPICIOUS_MOVE = YES;
				CLANG_WARN_UNGUARDED_AVAILABILITY = YES_AGGRESSIVE;
				CLANG_WARN_UNREACHABLE_CODE = YES;
				CLANG_WARN__DUPLICATE_METHOD_MATCH = YES;
				COPY_PHASE_STRIP = NO;
				DEBUG_INFORMATION_FORMAT = "dwarf-with-dsym";
				ENABLE_NS_ASSERTIONS = NO;
				ENABLE_STRICT_OBJC_MSGSEND = YES;
				GCC_C_LANGUAGE_STANDARD = gnu11;
				GCC_NO_COMMON_BLOCKS = YES;
				GCC_WARN_64_TO_32_BIT_CONVERSION = YES;
				GCC_WARN_ABOUT_RETURN_TYPE = YES_ERROR;
				GCC_WARN_UNDECLARED_SELECTOR = YES;
				GCC_WARN_UNINITIALIZED_AUTOS = YES_AGGRESSIVE;
				GCC_WARN_UNUSED_FUNCTION = YES;
				GCC_WARN_UNUSED_VARIABLE = YES;
				IPHONEOS_DEPLOYMENT_TARGET = 15.2;
				MTL_ENABLE_DEBUG_INFO = NO;
				MTL_FAST_MATH = YES;
				SDKROOT = iphoneos;
				SWIFT_COMPILATION_MODE = wholemodule;
				SWIFT_OPTIMIZATION_LEVEL = "-O";
				VALIDATE_PRODUCT = YES;
			};
			name = Release;
		};
		4DD67BB127A17345006B1E49 /* Debug */ = {
			isa = XCBuildConfiguration;
			buildSettings = {
				ASSETCATALOG_COMPILER_APPICON_NAME = AppIcon;
				ASSETCATALOG_COMPILER_GLOBAL_ACCENT_COLOR_NAME = AccentColor;
				CODE_SIGN_STYLE = Automatic;
				CURRENT_PROJECT_VERSION = 1;
				GENERATE_INFOPLIST_FILE = YES;
				INFOPLIST_FILE = galeri_ornek_2/Info.plist;
				INFOPLIST_KEY_UIApplicationSupportsIndirectInputEvents = YES;
				INFOPLIST_KEY_UILaunchStoryboardName = LaunchScreen;
				INFOPLIST_KEY_UIMainStoryboardFile = Main;
				INFOPLIST_KEY_UISupportedInterfaceOrientations_iPad = "UIInterfaceOrientationPortrait UIInterfaceOrientationPortraitUpsideDown UIInterfaceOrientationLandscapeLeft UIInterfaceOrientationLandscapeRight";
				INFOPLIST_KEY_UISupportedInterfaceOrientations_iPhone = "UIInterfaceOrientationPortrait UIInterfaceOrientationLandscapeLeft UIInterfaceOrientationLandscapeRight";
				LD_RUNPATH_SEARCH_PATHS = (
					"$(inherited)",
					"@executable_path/Frameworks",
				);
				MARKETING_VERSION = 1.0;
				PRODUCT_BUNDLE_IDENTIFIER = "mk.galeri-ornek-2";
				PRODUCT_NAME = "$(TARGET_NAME)";
				SWIFT_EMIT_LOC_STRINGS = YES;
				SWIFT_VERSION = 5.0;
				TARGETED_DEVICE_FAMILY = "1,2";
			};
			name = Debug;
		};
		4DD67BB227A17345006B1E49 /* Release */ = {
			isa = XCBuildConfiguration;
			buildSettings = {
				ASSETCATALOG_COMPILER_APPICON_NAME = AppIcon;
				ASSETCATALOG_COMPILER_GLOBAL_ACCENT_COLOR_NAME = AccentColor;
				CODE_SIGN_STYLE = Automatic;
				CURRENT_PROJECT_VERSION = 1;
				GENERATE_INFOPLIST_FILE = YES;
				INFOPLIST_FILE = galeri_ornek_2/Info.plist;
				INFOPLIST_KEY_UIApplicationSupportsIndirectInputEvents = YES;
				INFOPLIST_KEY_UILaunchStoryboardName = LaunchScreen;
				INFOPLIST_KEY_UIMainStoryboardFile = Main;
				INFOPLIST_KEY_UISupportedInterfaceOrientations_iPad = "UIInterfaceOrientationPortrait UIInterfaceOrientationPortraitUpsideDown UIInterfaceOrientationLandscapeLeft UIInterfaceOrientationLandscapeRight";
				INFOPLIST_KEY_UISupportedInterfaceOrientations_iPhone = "UIInterfaceOrientationPortrait UIInterfaceOrientationLandscapeLeft UIInterfaceOrientationLandscapeRight";
				LD_RUNPATH_SEARCH_PATHS = (
					"$(inherited)",
					"@executable_path/Frameworks",
				);
				MARKETING_VERSION = 1.0;
				PRODUCT_BUNDLE_IDENTIFIER = "mk.galeri-ornek-2";
				PRODUCT_NAME = "$(TARGET_NAME)";
				SWIFT_EMIT_LOC_STRINGS = YES;
				SWIFT_VERSION = 5.0;
				TARGETED_DEVICE_FAMILY = "1,2";
			};
			name = Release;
		};
/* End XCBuildConfiguration section */

/* Begin XCConfigurationList section */
		4DD67B9427A17341006B1E49 /* Build configuration list for PBXProject "galeri_ornek_2" */ = {
			isa = XCConfigurationList;
			buildConfigurations = (
				4DD67BAE27A17345006B1E49 /* Debug */,
				4DD67BAF27A17345006B1E49 /* Release */,
			);
			defaultConfigurationIsVisible = 0;
			defaultConfigurationName = Release;
		};
		4DD67BB027A17345006B1E49 /* Build configuration list for PBXNativeTarget "galeri_ornek_2" */ = {
			isa = XCConfigurationList;
			buildConfigurations = (
				4DD67BB127A17345006B1E49 /* Debug */,
				4DD67BB227A17345006B1E49 /* Release */,
			);
			defaultConfigurationIsVisible = 0;
			defaultConfigurationName = Release;
		};
/* End XCConfigurationList section */

/* Begin XCVersionGroup section */
		4DD67BA527A17341006B1E49 /* galeri_ornek_2.xcdatamodeld */ = {
			isa = XCVersionGroup;
			children = (
				4DD67BA627A17341006B1E49 /* galeri_ornek_2.xcdatamodel */,
			);
			currentVersion = 4DD67BA627A17341006B1E49 /* galeri_ornek_2.xcdatamodel */;
			path = galeri_ornek_2.xcdatamodeld;
			sourceTree = "<group>";
			versionGroupType = wrapper.xcdatamodel;
		};
/* End XCVersionGroup section */
	};
	rootObject = 4DD67B9127A17341006B1E49 /* Project object */;
}
