// !$*UTF8*$!
{
	archiveVersion = 1;
	classes = {
	};
	objectVersion = 55;
	objects = {

/* Begin PBXBuildFile section */
		4DA2C7C5279AD92B00F0DE10 /* AppDelegate.swift in Sources */ = {isa = PBXBuildFile; fileRef = 4DA2C7C4279AD92B00F0DE10 /* AppDelegate.swift */; };
		4DA2C7C7279AD92B00F0DE10 /* SceneDelegate.swift in Sources */ = {isa = PBXBuildFile; fileRef = 4DA2C7C6279AD92B00F0DE10 /* SceneDelegate.swift */; };
		4DA2C7C9279AD92B00F0DE10 /* ViewController.swift in Sources */ = {isa = PBXBuildFile; fileRef = 4DA2C7C8279AD92B00F0DE10 /* ViewController.swift */; };
		4DA2C7CC279AD92B00F0DE10 /* Main.storyboard in Resources */ = {isa = PBXBuildFile; fileRef = 4DA2C7CA279AD92B00F0DE10 /* Main.storyboard */; };
		4DA2C7CF279AD92B00F0DE10 /* TODO_List_ornek.xcdatamodeld in Sources */ = {isa = PBXBuildFile; fileRef = 4DA2C7CD279AD92B00F0DE10 /* TODO_List_ornek.xcdatamodeld */; };
		4DA2C7D1279AD92F00F0DE10 /* Assets.xcassets in Resources */ = {isa = PBXBuildFile; fileRef = 4DA2C7D0279AD92F00F0DE10 /* Assets.xcassets */; };
		4DA2C7D4279AD92F00F0DE10 /* LaunchScreen.storyboard in Resources */ = {isa = PBXBuildFile; fileRef = 4DA2C7D2279AD92F00F0DE10 /* LaunchScreen.storyboard */; };
		4DA2C7DC279ADAF800F0DE10 /* VC_ListeDetay.swift in Sources */ = {isa = PBXBuildFile; fileRef = 4DA2C7DB279ADAF800F0DE10 /* VC_ListeDetay.swift */; };
		4DA2C7E5279ADE7700F0DE10 /* TVC_ListeDetay.swift in Sources */ = {isa = PBXBuildFile; fileRef = 4DA2C7E3279ADE7700F0DE10 /* TVC_ListeDetay.swift */; };
		4DA2C7E6279ADE7700F0DE10 /* TVC_ListeDetay.xib in Resources */ = {isa = PBXBuildFile; fileRef = 4DA2C7E4279ADE7700F0DE10 /* TVC_ListeDetay.xib */; };
/* End PBXBuildFile section */

/* Begin PBXFileReference section */
		4DA2C7C1279AD92B00F0DE10 /* TODO_List_ornek.app */ = {isa = PBXFileReference; explicitFileType = wrapper.application; includeInIndex = 0; path = TODO_List_ornek.app; sourceTree = BUILT_PRODUCTS_DIR; };
		4DA2C7C4279AD92B00F0DE10 /* AppDelegate.swift */ = {isa = PBXFileReference; lastKnownFileType = sourcecode.swift; path = AppDelegate.swift; sourceTree = "<group>"; };
		4DA2C7C6279AD92B00F0DE10 /* SceneDelegate.swift */ = {isa = PBXFileReference; lastKnownFileType = sourcecode.swift; path = SceneDelegate.swift; sourceTree = "<group>"; };
		4DA2C7C8279AD92B00F0DE10 /* ViewController.swift */ = {isa = PBXFileReference; lastKnownFileType = sourcecode.swift; path = ViewController.swift; sourceTree = "<group>"; };
		4DA2C7CB279AD92B00F0DE10 /* Base */ = {isa = PBXFileReference; lastKnownFileType = file.storyboard; name = Base; path = Base.lproj/Main.storyboard; sourceTree = "<group>"; };
		4DA2C7CE279AD92B00F0DE10 /* TODO_List_ornek.xcdatamodel */ = {isa = PBXFileReference; lastKnownFileType = wrapper.xcdatamodel; path = TODO_List_ornek.xcdatamodel; sourceTree = "<group>"; };
		4DA2C7D0279AD92F00F0DE10 /* Assets.xcassets */ = {isa = PBXFileReference; lastKnownFileType = folder.assetcatalog; path = Assets.xcassets; sourceTree = "<group>"; };
		4DA2C7D3279AD92F00F0DE10 /* Base */ = {isa = PBXFileReference; lastKnownFileType = file.storyboard; name = Base; path = Base.lproj/LaunchScreen.storyboard; sourceTree = "<group>"; };
		4DA2C7D5279AD92F00F0DE10 /* Info.plist */ = {isa = PBXFileReference; lastKnownFileType = text.plist.xml; path = Info.plist; sourceTree = "<group>"; };
		4DA2C7DB279ADAF800F0DE10 /* VC_ListeDetay.swift */ = {isa = PBXFileReference; lastKnownFileType = sourcecode.swift; path = VC_ListeDetay.swift; sourceTree = "<group>"; };
		4DA2C7E3279ADE7700F0DE10 /* TVC_ListeDetay.swift */ = {isa = PBXFileReference; lastKnownFileType = sourcecode.swift; path = TVC_ListeDetay.swift; sourceTree = "<group>"; };
		4DA2C7E4279ADE7700F0DE10 /* TVC_ListeDetay.xib */ = {isa = PBXFileReference; lastKnownFileType = file.xib; path = TVC_ListeDetay.xib; sourceTree = "<group>"; };
/* End PBXFileReference section */

/* Begin PBXFrameworksBuildPhase section */
		4DA2C7BE279AD92B00F0DE10 /* Frameworks */ = {
			isa = PBXFrameworksBuildPhase;
			buildActionMask = 2147483647;
			files = (
			);
			runOnlyForDeploymentPostprocessing = 0;
		};
/* End PBXFrameworksBuildPhase section */

/* Begin PBXGroup section */
		4DA2C7B8279AD92B00F0DE10 = {
			isa = PBXGroup;
			children = (
				4DA2C7C3279AD92B00F0DE10 /* TODO_List_ornek */,
				4DA2C7C2279AD92B00F0DE10 /* Products */,
			);
			sourceTree = "<group>";
		};
		4DA2C7C2279AD92B00F0DE10 /* Products */ = {
			isa = PBXGroup;
			children = (
				4DA2C7C1279AD92B00F0DE10 /* TODO_List_ornek.app */,
			);
			name = Products;
			sourceTree = "<group>";
		};
		4DA2C7C3279AD92B00F0DE10 /* TODO_List_ornek */ = {
			isa = PBXGroup;
			children = (
				4DA2C7C4279AD92B00F0DE10 /* AppDelegate.swift */,
				4DA2C7C6279AD92B00F0DE10 /* SceneDelegate.swift */,
				4DA2C7C8279AD92B00F0DE10 /* ViewController.swift */,
				4DA2C7CA279AD92B00F0DE10 /* Main.storyboard */,
				4DA2C7D0279AD92F00F0DE10 /* Assets.xcassets */,
				4DA2C7D2279AD92F00F0DE10 /* LaunchScreen.storyboard */,
				4DA2C7D5279AD92F00F0DE10 /* Info.plist */,
				4DA2C7CD279AD92B00F0DE10 /* TODO_List_ornek.xcdatamodeld */,
				4DA2C7DB279ADAF800F0DE10 /* VC_ListeDetay.swift */,
				4DA2C7E3279ADE7700F0DE10 /* TVC_ListeDetay.swift */,
				4DA2C7E4279ADE7700F0DE10 /* TVC_ListeDetay.xib */,
			);
			path = TODO_List_ornek;
			sourceTree = "<group>";
		};
/* End PBXGroup section */

/* Begin PBXNativeTarget section */
		4DA2C7C0279AD92B00F0DE10 /* TODO_List_ornek */ = {
			isa = PBXNativeTarget;
			buildConfigurationList = 4DA2C7D8279AD92F00F0DE10 /* Build configuration list for PBXNativeTarget "TODO_List_ornek" */;
			buildPhases = (
				4DA2C7BD279AD92B00F0DE10 /* Sources */,
				4DA2C7BE279AD92B00F0DE10 /* Frameworks */,
				4DA2C7BF279AD92B00F0DE10 /* Resources */,
			);
			buildRules = (
			);
			dependencies = (
			);
			name = TODO_List_ornek;
			productName = TODO_List_ornek;
			productReference = 4DA2C7C1279AD92B00F0DE10 /* TODO_List_ornek.app */;
			productType = "com.apple.product-type.application";
		};
/* End PBXNativeTarget section */

/* Begin PBXProject section */
		4DA2C7B9279AD92B00F0DE10 /* Project object */ = {
			isa = PBXProject;
			attributes = {
				BuildIndependentTargetsInParallel = 1;
				LastSwiftUpdateCheck = 1320;
				LastUpgradeCheck = 1320;
				TargetAttributes = {
					4DA2C7C0279AD92B00F0DE10 = {
						CreatedOnToolsVersion = 13.2.1;
					};
				};
			};
			buildConfigurationList = 4DA2C7BC279AD92B00F0DE10 /* Build configuration list for PBXProject "TODO_List_ornek" */;
			compatibilityVersion = "Xcode 13.0";
			developmentRegion = en;
			hasScannedForEncodings = 0;
			knownRegions = (
				en,
				Base,
			);
			mainGroup = 4DA2C7B8279AD92B00F0DE10;
			productRefGroup = 4DA2C7C2279AD92B00F0DE10 /* Products */;
			projectDirPath = "";
			projectRoot = "";
			targets = (
				4DA2C7C0279AD92B00F0DE10 /* TODO_List_ornek */,
			);
		};
/* End PBXProject section */

/* Begin PBXResourcesBuildPhase section */
		4DA2C7BF279AD92B00F0DE10 /* Resources */ = {
			isa = PBXResourcesBuildPhase;
			buildActionMask = 2147483647;
			files = (
				4DA2C7D4279AD92F00F0DE10 /* LaunchScreen.storyboard in Resources */,
				4DA2C7D1279AD92F00F0DE10 /* Assets.xcassets in Resources */,
				4DA2C7CC279AD92B00F0DE10 /* Main.storyboard in Resources */,
				4DA2C7E6279ADE7700F0DE10 /* TVC_ListeDetay.xib in Resources */,
			);
			runOnlyForDeploymentPostprocessing = 0;
		};
/* End PBXResourcesBuildPhase section */

/* Begin PBXSourcesBuildPhase section */
		4DA2C7BD279AD92B00F0DE10 /* Sources */ = {
			isa = PBXSourcesBuildPhase;
			buildActionMask = 2147483647;
			files = (
				4DA2C7C9279AD92B00F0DE10 /* ViewController.swift in Sources */,
				4DA2C7C5279AD92B00F0DE10 /* AppDelegate.swift in Sources */,
				4DA2C7C7279AD92B00F0DE10 /* SceneDelegate.swift in Sources */,
				4DA2C7E5279ADE7700F0DE10 /* TVC_ListeDetay.swift in Sources */,
				4DA2C7DC279ADAF800F0DE10 /* VC_ListeDetay.swift in Sources */,
				4DA2C7CF279AD92B00F0DE10 /* TODO_List_ornek.xcdatamodeld in Sources */,
			);
			runOnlyForDeploymentPostprocessing = 0;
		};
/* End PBXSourcesBuildPhase section */

/* Begin PBXVariantGroup section */
		4DA2C7CA279AD92B00F0DE10 /* Main.storyboard */ = {
			isa = PBXVariantGroup;
			children = (
				4DA2C7CB279AD92B00F0DE10 /* Base */,
			);
			name = Main.storyboard;
			sourceTree = "<group>";
		};
		4DA2C7D2279AD92F00F0DE10 /* LaunchScreen.storyboard */ = {
			isa = PBXVariantGroup;
			children = (
				4DA2C7D3279AD92F00F0DE10 /* Base */,
			);
			name = LaunchScreen.storyboard;
			sourceTree = "<group>";
		};
/* End PBXVariantGroup section */

/* Begin XCBuildConfiguration section */
		4DA2C7D6279AD92F00F0DE10 /* Debug */ = {
			isa = XCBuildConfiguration;
			buildSettings = {
				ALWAYS_SEARCH_USER_PATHS = NO;
				CLANG_ANALYZER_NONNULL = YES;
				CLANG_ANALYZER_NUMBER_OBJECT_CONVERSION = YES_AGGRESSIVE;
				CLANG_CXX_LANGUAGE_STANDARD = "gnu++17";
				CLANG_CXX_LIBRARY = "libc++";
				CLANG_ENABLE_MODULES = YES;
				CLANG_ENABLE_OBJC_ARC = YES;
				CLANG_ENABLE_OBJC_WEAK = YES;
				CLANG_WARN_BLOCK_CAPTURE_AUTORELEASING = YES;
				CLANG_WARN_BOOL_CONVERSION = YES;
				CLANG_WARN_COMMA = YES;
				CLANG_WARN_CONSTANT_CONVERSION = YES;
				CLANG_WARN_DEPRECATED_OBJC_IMPLEMENTATIONS = YES;
				CLANG_WARN_DIRECT_OBJC_ISA_USAGE = YES_ERROR;
				CLANG_WARN_DOCUMENTATION_COMMENTS = YES;
				CLANG_WARN_EMPTY_BODY = YES;
				CLANG_WARN_ENUM_CONVERSION = YES;
				CLANG_WARN_INFINITE_RECURSION = YES;
				CLANG_WARN_INT_CONVERSION = YES;
				CLANG_WARN_NON_LITERAL_NULL_CONVERSION = YES;
				CLANG_WARN_OBJC_IMPLICIT_RETAIN_SELF = YES;
				CLANG_WARN_OBJC_LITERAL_CONVERSION = YES;
				CLANG_WARN_OBJC_ROOT_CLASS = YES_ERROR;
				CLANG_WARN_QUOTED_INCLUDE_IN_FRAMEWORK_HEADER = YES;
				CLANG_WARN_RANGE_LOOP_ANALYSIS = YES;
				CLANG_WARN_STRICT_PROTOTYPES = YES;
				CLANG_WARN_SUSPICIOUS_MOVE = YES;
				CLANG_WARN_UNGUARDED_AVAILABILITY = YES_AGGRESSIVE;
				CLANG_WARN_UNREACHABLE_CODE = YES;
				CLANG_WARN__DUPLICATE_METHOD_MATCH = YES;
				COPY_PHASE_STRIP = NO;
				DEBUG_INFORMATION_FORMAT = dwarf;
				ENABLE_STRICT_OBJC_MSGSEND = YES;
				ENABLE_TESTABILITY = YES;
				GCC_C_LANGUAGE_STANDARD = gnu11;
				GCC_DYNAMIC_NO_PIC = NO;
				GCC_NO_COMMON_BLOCKS = YES;
				GCC_OPTIMIZATION_LEVEL = 0;
				GCC_PREPROCESSOR_DEFINITIONS = (
					"DEBUG=1",
					"$(inherited)",
				);
				GCC_WARN_64_TO_32_BIT_CONVERSION = YES;
				GCC_WARN_ABOUT_RETURN_TYPE = YES_ERROR;
				GCC_WARN_UNDECLARED_SELECTOR = YES;
				GCC_WARN_UNINITIALIZED_AUTOS = YES_AGGRESSIVE;
				GCC_WARN_UNUSED_FUNCTION = YES;
				GCC_WARN_UNUSED_VARIABLE = YES;
				IPHONEOS_DEPLOYMENT_TARGET = 15.2;
				MTL_ENABLE_DEBUG_INFO = INCLUDE_SOURCE;
				MTL_FAST_MATH = YES;
				ONLY_ACTIVE_ARCH = YES;
				SDKROOT = iphoneos;
				SWIFT_ACTIVE_COMPILATION_CONDITIONS = DEBUG;
				SWIFT_OPTIMIZATION_LEVEL = "-Onone";
			};
			name = Debug;
		};
		4DA2C7D7279AD92F00F0DE10 /* Release */ = {
			isa = XCBuildConfiguration;
			buildSettings = {
				ALWAYS_SEARCH_USER_PATHS = NO;
				CLANG_ANALYZER_NONNULL = YES;
				CLANG_ANALYZER_NUMBER_OBJECT_CONVERSION = YES_AGGRESSIVE;
				CLANG_CXX_LANGUAGE_STANDARD = "gnu++17";
				CLANG_CXX_LIBRARY = "libc++";
				CLANG_ENABLE_MODULES = YES;
				CLANG_ENABLE_OBJC_ARC = YES;
				CLANG_ENABLE_OBJC_WEAK = YES;
				CLANG_WARN_BLOCK_CAPTURE_AUTORELEASING = YES;
				CLANG_WARN_BOOL_CONVERSION = YES;
				CLANG_WARN_COMMA = YES;
				CLANG_WARN_CONSTANT_CONVERSION = YES;
				CLANG_WARN_DEPRECATED_OBJC_IMPLEMENTATIONS = YES;
				CLANG_WARN_DIRECT_OBJC_ISA_USAGE = YES_ERROR;
				CLANG_WARN_DOCUMENTATION_COMMENTS = YES;
				CLANG_WARN_EMPTY_BODY = YES;
				CLANG_WARN_ENUM_CONVERSION = YES;
				CLANG_WARN_INFINITE_RECURSION = YES;
				CLANG_WARN_INT_CONVERSION = YES;
				CLANG_WARN_NON_LITERAL_NULL_CONVERSION = YES;
				CLANG_WARN_OBJC_IMPLICIT_RETAIN_SELF = YES;
				CLANG_WARN_OBJC_LITERAL_CONVERSION = YES;
				CLANG_WARN_OBJC_ROOT_CLASS = YES_ERROR;
				CLANG_WARN_QUOTED_INCLUDE_IN_FRAMEWORK_HEADER = YES;
				CLANG_WARN_RANGE_LOOP_ANALYSIS = YES;
				CLANG_WARN_STRICT_PROTOTYPES = YES;
				CLANG_WARN_SUSPICIOUS_MOVE = YES;
				CLANG_WARN_UNGUARDED_AVAILABILITY = YES_AGGRESSIVE;
				CLANG_WARN_UNREACHABLE_CODE = YES;
				CLANG_WARN__DUPLICATE_METHOD_MATCH = YES;
				COPY_PHASE_STRIP = NO;
				DEBUG_INFORMATION_FORMAT = "dwarf-with-dsym";
				ENABLE_NS_ASSERTIONS = NO;
				ENABLE_STRICT_OBJC_MSGSEND = YES;
				GCC_C_LANGUAGE_STANDARD = gnu11;
				GCC_NO_COMMON_BLOCKS = YES;
				GCC_WARN_64_TO_32_BIT_CONVERSION = YES;
				GCC_WARN_ABOUT_RETURN_TYPE = YES_ERROR;
				GCC_WARN_UNDECLARED_SELECTOR = YES;
				GCC_WARN_UNINITIALIZED_AUTOS = YES_AGGRESSIVE;
				GCC_WARN_UNUSED_FUNCTION = YES;
				GCC_WARN_UNUSED_VARIABLE = YES;
				IPHONEOS_DEPLOYMENT_TARGET = 15.2;
				MTL_ENABLE_DEBUG_INFO = NO;
				MTL_FAST_MATH = YES;
				SDKROOT = iphoneos;
				SWIFT_COMPILATION_MODE = wholemodule;
				SWIFT_OPTIMIZATION_LEVEL = "-O";
				VALIDATE_PRODUCT = YES;
			};
			name = Release;
		};
		4DA2C7D9279AD92F00F0DE10 /* Debug */ = {
			isa = XCBuildConfiguration;
			buildSettings = {
				ASSETCATALOG_COMPILER_APPICON_NAME = AppIcon;
				ASSETCATALOG_COMPILER_GLOBAL_ACCENT_COLOR_NAME = AccentColor;
				CODE_SIGN_STYLE = Automatic;
				CURRENT_PROJECT_VERSION = 1;
				GENERATE_INFOPLIST_FILE = YES;
				INFOPLIST_FILE = TODO_List_ornek/Info.plist;
				INFOPLIST_KEY_UIApplicationSupportsIndirectInputEvents = YES;
				INFOPLIST_KEY_UILaunchStoryboardName = LaunchScreen;
				INFOPLIST_KEY_UIMainStoryboardFile = Main;
				INFOPLIST_KEY_UISupportedInterfaceOrientations_iPad = "UIInterfaceOrientationPortrait UIInterfaceOrientationPortraitUpsideDown UIInterfaceOrientationLandscapeLeft UIInterfaceOrientationLandscapeRight";
				INFOPLIST_KEY_UISupportedInterfaceOrientations_iPhone = "UIInterfaceOrientationPortrait UIInterfaceOrientationLandscapeLeft UIInterfaceOrientationLandscapeRight";
				LD_RUNPATH_SEARCH_PATHS = (
					"$(inherited)",
					"@executable_path/Frameworks",
				);
				MARKETING_VERSION = 1.0;
				PRODUCT_BUNDLE_IDENTIFIER = "mk.TODO-List-ornek";
				PRODUCT_NAME = "$(TARGET_NAME)";
				SWIFT_EMIT_LOC_STRINGS = YES;
				SWIFT_VERSION = 5.0;
				TARGETED_DEVICE_FAMILY = "1,2";
			};
			name = Debug;
		};
		4DA2C7DA279AD92F00F0DE10 /* Release */ = {
			isa = XCBuildConfiguration;
			buildSettings = {
				ASSETCATALOG_COMPILER_APPICON_NAME = AppIcon;
				ASSETCATALOG_COMPILER_GLOBAL_ACCENT_COLOR_NAME = AccentColor;
				CODE_SIGN_STYLE = Automatic;
				CURRENT_PROJECT_VERSION = 1;
				GENERATE_INFOPLIST_FILE = YES;
				INFOPLIST_FILE = TODO_List_ornek/Info.plist;
				INFOPLIST_KEY_UIApplicationSupportsIndirectInputEvents = YES;
				INFOPLIST_KEY_UILaunchStoryboardName = LaunchScreen;
				INFOPLIST_KEY_UIMainStoryboardFile = Main;
				INFOPLIST_KEY_UISupportedInterfaceOrientations_iPad = "UIInterfaceOrientationPortrait UIInterfaceOrientationPortraitUpsideDown UIInterfaceOrientationLandscapeLeft UIInterfaceOrientationLandscapeRight";
				INFOPLIST_KEY_UISupportedInterfaceOrientations_iPhone = "UIInterfaceOrientationPortrait UIInterfaceOrientationLandscapeLeft UIInterfaceOrientationLandscapeRight";
				LD_RUNPATH_SEARCH_PATHS = (
					"$(inherited)",
					"@executable_path/Frameworks",
				);
				MARKETING_VERSION = 1.0;
				PRODUCT_BUNDLE_IDENTIFIER = "mk.TODO-List-ornek";
				PRODUCT_NAME = "$(TARGET_NAME)";
				SWIFT_EMIT_LOC_STRINGS = YES;
				SWIFT_VERSION = 5.0;
				TARGETED_DEVICE_FAMILY = "1,2";
			};
			name = Release;
		};
/* End XCBuildConfiguration section */

/* Begin XCConfigurationList section */
		4DA2C7BC279AD92B00F0DE10 /* Build configuration list for PBXProject "TODO_List_ornek" */ = {
			isa = XCConfigurationList;
			buildConfigurations = (
				4DA2C7D6279AD92F00F0DE10 /* Debug */,
				4DA2C7D7279AD92F00F0DE10 /* Release */,
			);
			defaultConfigurationIsVisible = 0;
			defaultConfigurationName = Release;
		};
		4DA2C7D8279AD92F00F0DE10 /* Build configuration list for PBXNativeTarget "TODO_List_ornek" */ = {
			isa = XCConfigurationList;
			buildConfigurations = (
				4DA2C7D9279AD92F00F0DE10 /* Debug */,
				4DA2C7DA279AD92F00F0DE10 /* Release */,
			);
			defaultConfigurationIsVisible = 0;
			defaultConfigurationName = Release;
		};
/* End XCConfigurationList section */

/* Begin XCVersionGroup section */
		4DA2C7CD279AD92B00F0DE10 /* TODO_List_ornek.xcdatamodeld */ = {
			isa = XCVersionGroup;
			children = (
				4DA2C7CE279AD92B00F0DE10 /* TODO_List_ornek.xcdatamodel */,
			);
			currentVersion = 4DA2C7CE279AD92B00F0DE10 /* TODO_List_ornek.xcdatamodel */;
			path = TODO_List_ornek.xcdatamodeld;
			sourceTree = "<group>";
			versionGroupType = wrapper.xcdatamodel;
		};
/* End XCVersionGroup section */
	};
	rootObject = 4DA2C7B9279AD92B00F0DE10 /* Project object */;
}
